
Microsoft Visual Studio Solution File, Format Version 12.00
# Visual Studio Version 17
VisualStudioVersion = 17.2.32630.192
MinimumVisualStudioVersion = 10.0.40219.1
Project("{9092AA53-FB77-4645-B42D-1CCCA6BD08BD}") = "ComicCovers", "ComicCovers.njsproj", "{5A04E098-153E-401F-8B84-15A94F7C0086}"
EndProject
Global
	GlobalSection(SolutionConfigurationPlatforms) = preSolution
		Debug|Any CPU = Debug|Any CPU
		Release|Any CPU = Release|Any CPU
	EndGlobalSection
	GlobalSection(ProjectConfigurationPlatforms) = postSolution
		{5A04E098-153E-401F-8B84-15A94F7C0086}.Debug|Any CPU.ActiveCfg = Debug|Any CPU
		{5A04E098-153E-401F-8B84-15A94F7C0086}.Debug|Any CPU.Build.0 = Debug|Any CPU
		{5A04E098-153E-401F-8B84-15A94F7C0086}.Release|Any CPU.ActiveCfg = Release|Any CPU
		{5A04E098-153E-401F-8B84-15A94F7C0086}.Release|Any CPU.Build.0 = Release|Any CPU
	EndGlobalSection
	GlobalSection(SolutionProperties) = preSolution
		HideSolutionNode = FALSE
	EndGlobalSection
	GlobalSection(ExtensibilityGlobals) = postSolution
		SolutionGuid = {56CC7172-A708-4953-B359-61379499DFF4}
	EndGlobalSection
EndGlobal
